{
  "version": 4,
  "terraform_version": "1.0.11",
  "serial": 108,
  "lineage": "828f4339-4a8d-7368-646a-619c6976153e",
  "outputs": {},
  "resources": [
    {
      "mode": "data",
      "type": "scaleway_instance_image",
      "name": "server-web",
      "provider": "provider[\"registry.terraform.io/scaleway/scaleway\"]",
      "instances": [
        {
          "schema_version": 0,
          "attributes": {
            "additional_volume_ids": [],
            "architecture": "x86_64",
            "creation_date": "2021-11-17T13:47:22Z",
            "default_bootscript_id": "",
            "from_server_id": "",
            "id": "fr-par-1/4cb7ca07-3083-4d14-ae02-918db23b6fa8",
            "image_id": "fr-par-1/4cb7ca07-3083-4d14-ae02-918db23b6fa8",
            "latest": true,
            "modification_date": "2021-11-17T13:47:22Z",
            "name": "server-web",
            "organization_id": "6ff3b4a2-6d73-40bf-85f7-4074b99a4f37",
            "project_id": "6ff3b4a2-6d73-40bf-85f7-4074b99a4f37",
            "public": false,
            "root_volume_id": "34c31c21-fb94-493c-bc17-640b9f5e58e1",
            "state": "available",
            "zone": "fr-par-1"
          },
          "sensitive_attributes": []
        }
      ]
    },
    {
      "mode": "managed",
      "type": "scaleway_instance_ip",
      "name": "public_ip",
      "provider": "provider[\"registry.terraform.io/scaleway/scaleway\"]",
      "instances": [
        {
          "index_key": 0,
          "schema_version": 0,
          "attributes": {
            "address": "163.172.148.143",
            "id": "fr-par-1/74850833-6228-4593-9bb6-59128e2a2bc4",
            "organization_id": "6ff3b4a2-6d73-40bf-85f7-4074b99a4f37",
            "project_id": "6ff3b4a2-6d73-40bf-85f7-4074b99a4f37",
            "reverse": "",
            "server_id": "",
            "timeouts": null,
            "zone": "fr-par-1"
          },
          "sensitive_attributes": [],
          "private": "eyJlMmJmYjczMC1lY2FhLTExZTYtOGY4OC0zNDM2M2JjN2M0YzAiOnsiY3JlYXRlIjo2MDAwMDAwMDAwMCwiZGVmYXVsdCI6NjAwMDAwMDAwMDAsImRlbGV0ZSI6NjAwMDAwMDAwMDAsInJlYWQiOjYwMDAwMDAwMDAwLCJ1cGRhdGUiOjYwMDAwMDAwMDAwfX0="
        },
        {
          "index_key": 1,
          "schema_version": 0,
          "attributes": {
            "address": "163.172.177.186",
            "id": "fr-par-1/6dc25e22-0fa1-4b69-be33-59850def70e7",
            "organization_id": "6ff3b4a2-6d73-40bf-85f7-4074b99a4f37",
            "project_id": "6ff3b4a2-6d73-40bf-85f7-4074b99a4f37",
            "reverse": "",
            "server_id": "",
            "timeouts": null,
            "zone": "fr-par-1"
          },
          "sensitive_attributes": [],
          "private": "eyJlMmJmYjczMC1lY2FhLTExZTYtOGY4OC0zNDM2M2JjN2M0YzAiOnsiY3JlYXRlIjo2MDAwMDAwMDAwMCwiZGVmYXVsdCI6NjAwMDAwMDAwMDAsImRlbGV0ZSI6NjAwMDAwMDAwMDAsInJlYWQiOjYwMDAwMDAwMDAwLCJ1cGRhdGUiOjYwMDAwMDAwMDAwfX0="
        }
      ]
    },
    {
      "mode": "managed",
      "type": "scaleway_instance_server",
      "name": "web",
      "provider": "provider[\"registry.terraform.io/scaleway/scaleway\"]",
      "instances": [
        {
          "index_key": 0,
          "schema_version": 0,
          "attributes": {
            "additional_volume_ids": null,
            "boot_type": "local",
            "bootscript_id": "fdfe150f-a870-4ce4-b432-9f56b5b995c1",
            "cloud_init": null,
            "enable_dynamic_ip": false,
            "enable_ipv6": false,
            "id": "fr-par-1/c7827bab-6909-4e36-9464-0ba9dfbb39ac",
            "image": "fr-par-1/4cb7ca07-3083-4d14-ae02-918db23b6fa8",
            "ip_id": "fr-par-1/74850833-6228-4593-9bb6-59128e2a2bc4",
            "ipv6_address": "",
            "ipv6_gateway": "",
            "ipv6_prefix_length": 0,
            "name": "server-01",
            "organization_id": "6ff3b4a2-6d73-40bf-85f7-4074b99a4f37",
            "placement_group_id": null,
            "placement_group_policy_respected": null,
            "private_ip": "10.72.84.119",
            "project_id": "6ff3b4a2-6d73-40bf-85f7-4074b99a4f37",
            "public_ip": "163.172.148.143",
            "root_volume": [
              {
                "delete_on_termination": true,
                "size_in_gb": 20,
                "volume_id": "fr-par-1/d26cf3b1-9f33-46c2-b430-13852f367710"
              }
            ],
            "security_group_id": "fr-par-1/a1bfca8f-a2ab-450a-9eee-a5fe8fc6bacc",
            "state": "started",
            "tags": null,
            "timeouts": null,
            "type": "DEV1-S",
            "user_data": {
              "DATABASE_URI": "postgres://astuna:Efrei!2021@195.154.70.55:52014/test-rdb"
            },
            "zone": "fr-par-1"
          },
          "sensitive_attributes": [
            [
              {
                "type": "get_attr",
                "value": "user_data"
              },
              {
                "type": "index",
                "value": {
                  "value": "DATABASE_URI",
                  "type": "string"
                }
              }
            ]
          ],
          "private": "eyJlMmJmYjczMC1lY2FhLTExZTYtOGY4OC0zNDM2M2JjN2M0YzAiOnsiY3JlYXRlIjo2MDAwMDAwMDAwMDAsImRlZmF1bHQiOjYwMDAwMDAwMDAwMCwiZGVsZXRlIjo2MDAwMDAwMDAwMDAsInJlYWQiOjYwMDAwMDAwMDAwMCwidXBkYXRlIjo2MDAwMDAwMDAwMDB9fQ==",
          "dependencies": [
            "data.scaleway_instance_image.server-web",
            "scaleway_instance_ip.public_ip",
            "scaleway_rdb_instance.main"
          ]
        },
        {
          "index_key": 1,
          "schema_version": 0,
          "attributes": {
            "additional_volume_ids": null,
            "boot_type": "local",
            "bootscript_id": "fdfe150f-a870-4ce4-b432-9f56b5b995c1",
            "cloud_init": null,
            "enable_dynamic_ip": false,
            "enable_ipv6": false,
            "id": "fr-par-1/d449e0e8-a6b8-4512-9903-a828c183b68d",
            "image": "fr-par-1/4cb7ca07-3083-4d14-ae02-918db23b6fa8",
            "ip_id": "fr-par-1/6dc25e22-0fa1-4b69-be33-59850def70e7",
            "ipv6_address": "",
            "ipv6_gateway": "",
            "ipv6_prefix_length": 0,
            "name": "server-02",
            "organization_id": "6ff3b4a2-6d73-40bf-85f7-4074b99a4f37",
            "placement_group_id": null,
            "placement_group_policy_respected": null,
            "private_ip": "10.69.8.19",
            "project_id": "6ff3b4a2-6d73-40bf-85f7-4074b99a4f37",
            "public_ip": "163.172.177.186",
            "root_volume": [
              {
                "delete_on_termination": true,
                "size_in_gb": 20,
                "volume_id": "fr-par-1/ffbe2e22-5293-41a3-861d-5c694948fcfd"
              }
            ],
            "security_group_id": "fr-par-1/a1bfca8f-a2ab-450a-9eee-a5fe8fc6bacc",
            "state": "started",
            "tags": null,
            "timeouts": null,
            "type": "DEV1-S",
            "user_data": {
              "DATABASE_URI": "postgres://astuna:Efrei!2021@195.154.70.55:52014/test-rdb"
            },
            "zone": "fr-par-1"
          },
          "sensitive_attributes": [
            [
              {
                "type": "get_attr",
                "value": "user_data"
              },
              {
                "type": "index",
                "value": {
                  "value": "DATABASE_URI",
                  "type": "string"
                }
              }
            ]
          ],
          "private": "eyJlMmJmYjczMC1lY2FhLTExZTYtOGY4OC0zNDM2M2JjN2M0YzAiOnsiY3JlYXRlIjo2MDAwMDAwMDAwMDAsImRlZmF1bHQiOjYwMDAwMDAwMDAwMCwiZGVsZXRlIjo2MDAwMDAwMDAwMDAsInJlYWQiOjYwMDAwMDAwMDAwMCwidXBkYXRlIjo2MDAwMDAwMDAwMDB9fQ==",
          "dependencies": [
            "data.scaleway_instance_image.server-web",
            "scaleway_instance_ip.public_ip",
            "scaleway_rdb_instance.main"
          ]
        }
      ]
    },
    {
      "mode": "managed",
      "type": "scaleway_lb",
      "name": "base",
      "provider": "provider[\"registry.terraform.io/scaleway/scaleway\"]",
      "instances": [
        {
          "schema_version": 1,
          "attributes": {
            "id": "fr-par-1/a7583dce-be8a-4373-9d33-c549542356e2",
            "ip_address": "51.159.114.41",
            "ip_id": "fr-par-1/b0dabeca-dded-4c92-8a57-3171bc294e71",
            "name": "test-lb",
            "organization_id": "6ff3b4a2-6d73-40bf-85f7-4074b99a4f37",
            "project_id": "6ff3b4a2-6d73-40bf-85f7-4074b99a4f37",
            "region": "fr-par",
            "tags": null,
            "timeouts": null,
            "type": "LB-S",
            "zone": "fr-par-1"
          },
          "sensitive_attributes": [],
          "private": "eyJlMmJmYjczMC1lY2FhLTExZTYtOGY4OC0zNDM2M2JjN2M0YzAiOnsiY3JlYXRlIjo2MDAwMDAwMDAwMDAsImRlZmF1bHQiOjYwMDAwMDAwMDAwMCwiZGVsZXRlIjo2MDAwMDAwMDAwMDAsInJlYWQiOjYwMDAwMDAwMDAwMCwidXBkYXRlIjo2MDAwMDAwMDAwMDB9LCJzY2hlbWFfdmVyc2lvbiI6IjEifQ==",
          "dependencies": [
            "scaleway_lb_ip.ip"
          ]
        }
      ]
    },
    {
      "mode": "managed",
      "type": "scaleway_lb_backend",
      "name": "backend01",
      "provider": "provider[\"registry.terraform.io/scaleway/scaleway\"]",
      "instances": [
        {
          "schema_version": 1,
          "attributes": {
            "forward_port": 80,
            "forward_port_algorithm": "roundrobin",
            "forward_protocol": "http",
            "health_check_delay": "1m0s",
            "health_check_http": [],
            "health_check_https": [],
            "health_check_max_retries": 2,
            "health_check_port": 80,
            "health_check_tcp": [
              {}
            ],
            "health_check_timeout": "30s",
            "id": "fr-par-1/7155efd9-1544-4388-9117-df9831cdd44d",
            "lb_id": "fr-par-1/a7583dce-be8a-4373-9d33-c549542356e2",
            "name": "backend",
            "on_marked_down_action": "none",
            "proxy_protocol": "none",
            "send_proxy_v2": false,
            "server_ips": [
              "163.172.148.143",
              "163.172.177.186"
            ],
            "sticky_sessions": "none",
            "sticky_sessions_cookie_name": "",
            "timeout_connect": "",
            "timeout_server": "",
            "timeout_tunnel": "",
            "timeouts": null
          },
          "sensitive_attributes": [],
          "private": "eyJlMmJmYjczMC1lY2FhLTExZTYtOGY4OC0zNDM2M2JjN2M0YzAiOnsiY3JlYXRlIjo2MDAwMDAwMDAwMDAsImRlZmF1bHQiOjYwMDAwMDAwMDAwMCwiZGVsZXRlIjo2MDAwMDAwMDAwMDAsInJlYWQiOjYwMDAwMDAwMDAwMCwidXBkYXRlIjo2MDAwMDAwMDAwMDB9LCJzY2hlbWFfdmVyc2lvbiI6IjEifQ==",
          "dependencies": [
            "scaleway_instance_ip.public_ip",
            "scaleway_lb.base",
            "scaleway_lb_ip.ip"
          ]
        }
      ]
    },
    {
      "mode": "managed",
      "type": "scaleway_lb_frontend",
      "name": "frontend01",
      "provider": "provider[\"registry.terraform.io/scaleway/scaleway\"]",
      "instances": [
        {
          "schema_version": 1,
          "attributes": {
            "acl": [],
            "backend_id": "fr-par-1/7155efd9-1544-4388-9117-df9831cdd44d",
            "certificate_id": "",
            "id": "fr-par-1/862b6968-4c49-4340-9538-05f109a587db",
            "inbound_port": 80,
            "lb_id": "fr-par-1/a7583dce-be8a-4373-9d33-c549542356e2",
            "name": "frontend01",
            "timeout_client": "",
            "timeouts": null
          },
          "sensitive_attributes": [],
          "private": "eyJlMmJmYjczMC1lY2FhLTExZTYtOGY4OC0zNDM2M2JjN2M0YzAiOnsiY3JlYXRlIjo2MDAwMDAwMDAwMDAsImRlZmF1bHQiOjYwMDAwMDAwMDAwMCwiZGVsZXRlIjo2MDAwMDAwMDAwMDAsInJlYWQiOjYwMDAwMDAwMDAwMCwidXBkYXRlIjo2MDAwMDAwMDAwMDB9LCJzY2hlbWFfdmVyc2lvbiI6IjEifQ==",
          "dependencies": [
            "scaleway_instance_ip.public_ip",
            "scaleway_lb.base",
            "scaleway_lb_backend.backend01",
            "scaleway_lb_ip.ip"
          ]
        }
      ]
    },
    {
      "mode": "managed",
      "type": "scaleway_lb_ip",
      "name": "ip",
      "provider": "provider[\"registry.terraform.io/scaleway/scaleway\"]",
      "instances": [
        {
          "schema_version": 1,
          "attributes": {
            "id": "fr-par-1/b0dabeca-dded-4c92-8a57-3171bc294e71",
            "ip_address": "51.159.114.41",
            "lb_id": "",
            "organization_id": "6ff3b4a2-6d73-40bf-85f7-4074b99a4f37",
            "project_id": "6ff3b4a2-6d73-40bf-85f7-4074b99a4f37",
            "region": "fr-par",
            "reverse": "51-159-114-41.lb.fr-par.scw.cloud",
            "timeouts": null,
            "zone": "fr-par-1"
          },
          "sensitive_attributes": [],
          "private": "eyJlMmJmYjczMC1lY2FhLTExZTYtOGY4OC0zNDM2M2JjN2M0YzAiOnsiY3JlYXRlIjo2MDAwMDAwMDAwMDAsImRlZmF1bHQiOjYwMDAwMDAwMDAwMCwiZGVsZXRlIjo2MDAwMDAwMDAwMDAsInJlYWQiOjYwMDAwMDAwMDAwMCwidXBkYXRlIjo2MDAwMDAwMDAwMDB9LCJzY2hlbWFfdmVyc2lvbiI6IjEifQ=="
        }
      ]
    },
    {
      "mode": "managed",
      "type": "scaleway_rdb_instance",
      "name": "main",
      "provider": "provider[\"registry.terraform.io/scaleway/scaleway\"]",
      "instances": [
        {
          "schema_version": 0,
          "attributes": {
            "certificate": "-----BEGIN CERTIFICATE-----\nMIID9TCCAt2gAwIBAgIUFHQ16xdEvNaCVkxY4JyWw8rYit0wDQYJKoZIhvcNAQEL\nBQAwgYcxCzAJBgNVBAYTAkZSMQ4wDAYDVQQIDAVQYXJpczEOMAwGA1UEBwwFUGFy\naXMxETAPBgNVBAoMCFNjYWxld2F5MUUwQwYDVQQDDDxydy03ODVjNWQxYy02MTVi\nLTQzNGQtYTUzOC01YjViNDMyZjc3NTMucmRiLmZyLXBhci5zY3cuY2xvdWQwHhcN\nMjExMTE3MTM1MzE5WhcNMzExMTE1MTM1MzE5WjCBhzELMAkGA1UEBhMCRlIxDjAM\nBgNVBAgMBVBhcmlzMQ4wDAYDVQQHDAVQYXJpczERMA8GA1UECgwIU2NhbGV3YXkx\nRTBDBgNVBAMMPHJ3LTc4NWM1ZDFjLTYxNWItNDM0ZC1hNTM4LTViNWI0MzJmNzc1\nMy5yZGIuZnItcGFyLnNjdy5jbG91ZDCCASIwDQYJKoZIhvcNAQEBBQADggEPADCC\nAQoCggEBALmcsiu5GmtzzPDAYbljVrQApt4zh53CNYXliRtt9ZblCI7MbFkRbMNx\nQZTz/fkM/SvIoKPYixgsTNJNYidhnJLLkzvuukjV6HD3d6+sQ2azXDVR8P5OD8T9\niQr7i6jn6gluUGx/b2qqKFI6wnUwdS5h27XvVrS6AwzqtFeCFPK9jRatIl25FqBS\nzRm0g97y5ipRflWdx2YfBLUYcTcNDbmFD/0hoYY4Dfabojt5Dtp7sgf4gZKyCEuh\nk1LjaPxUaU4A82cL3M7Bwj7fOvPe9T8LnlAW6BcPsluLyBnkXo3AVArbCaElf2Io\nnY0DAPX2ZkDSPxICsM0AHa5VDuqTh38CAwEAAaNXMFUwUwYDVR0RBEwwSoI8cnct\nNzg1YzVkMWMtNjE1Yi00MzRkLWE1MzgtNWI1YjQzMmY3NzUzLnJkYi5mci1wYXIu\nc2N3LmNsb3VkhwQzD9FWhwTDmkY3MA0GCSqGSIb3DQEBCwUAA4IBAQBYko0WKXqu\n4niTkbbLobmIGWssErEu2HBr+kiwSz0mPsi2QCOKDjQEydCE6jUOa8+GNMiT6rHO\nKFd29DOo0ibhoRd8jQur9zsFXJ04/6RmGCcprq8OdTF8gNN3rMR7vA4J1VwVZrbr\nfwu5ehOzzA4MxatDkbkpxz/trDuKT9lgWjSIMCow58KORh+n0JiD7VNBbyHPK2xU\nVwR3bXAP4nVc/k8xq5Y9o6j/ZUuAvrw1MDh8HWKb+1+S489mhbeBEX/dI6MSH5KD\nK5S724VGSvyr6TsSXlv5rCSa8sOknTwzP4sHRdeDIWXMx5f34EVsXermBEUwyx1j\n/83MIsDnD/Dd\n-----END CERTIFICATE-----\n",
            "disable_backup": true,
            "endpoint_ip": "195.154.70.55",
            "endpoint_port": 52014,
            "engine": "PostgreSQL-12",
            "id": "fr-par/785c5d1c-615b-434d-a538-5b5b432f7753",
            "is_ha_cluster": false,
            "name": "test-rdb",
            "node_type": "db-dev-s",
            "organization_id": "6ff3b4a2-6d73-40bf-85f7-4074b99a4f37",
            "password": "Efrei!2021",
            "project_id": "6ff3b4a2-6d73-40bf-85f7-4074b99a4f37",
            "read_replicas": [],
            "region": "fr-par",
            "settings": {
              "effective_cache_size": "1300",
              "maintenance_work_mem": "150",
              "max_connections": "100",
              "max_parallel_workers": "0",
              "max_parallel_workers_per_gather": "0",
              "work_mem": "4"
            },
            "tags": null,
            "timeouts": null,
            "user_name": "astuna",
            "volume_size_in_gb": 5,
            "volume_type": "lssd"
          },
          "sensitive_attributes": [],
          "private": "eyJlMmJmYjczMC1lY2FhLTExZTYtOGY4OC0zNDM2M2JjN2M0YzAiOnsiY3JlYXRlIjo5MDAwMDAwMDAwMDAsImRlZmF1bHQiOjkwMDAwMDAwMDAwMCwiZGVsZXRlIjo5MDAwMDAwMDAwMDAsInJlYWQiOjkwMDAwMDAwMDAwMCwidXBkYXRlIjo5MDAwMDAwMDAwMDB9fQ=="
        }
      ]
    }
  ]
}
