{
  "version": 4,
  "terraform_version": "1.0.11",
  "serial": 97,
  "lineage": "828f4339-4a8d-7368-646a-619c6976153e",
  "outputs": {},
  "resources": [
    {
      "mode": "managed",
      "type": "scaleway_instance_ip",
      "name": "public_ip",
      "provider": "provider[\"registry.terraform.io/scaleway/scaleway\"]",
      "instances": [
        {
          "index_key": 0,
          "schema_version": 0,
          "attributes": {
            "address": "163.172.148.143",
            "id": "fr-par-1/74850833-6228-4593-9bb6-59128e2a2bc4",
            "organization_id": "6ff3b4a2-6d73-40bf-85f7-4074b99a4f37",
            "project_id": "6ff3b4a2-6d73-40bf-85f7-4074b99a4f37",
            "reverse": "",
            "server_id": "",
            "timeouts": null,
            "zone": "fr-par-1"
          },
          "sensitive_attributes": [],
          "private": "eyJlMmJmYjczMC1lY2FhLTExZTYtOGY4OC0zNDM2M2JjN2M0YzAiOnsiY3JlYXRlIjo2MDAwMDAwMDAwMCwiZGVmYXVsdCI6NjAwMDAwMDAwMDAsImRlbGV0ZSI6NjAwMDAwMDAwMDAsInJlYWQiOjYwMDAwMDAwMDAwLCJ1cGRhdGUiOjYwMDAwMDAwMDAwfX0="
        },
        {
          "index_key": 1,
          "schema_version": 0,
          "attributes": {
            "address": "163.172.177.186",
            "id": "fr-par-1/6dc25e22-0fa1-4b69-be33-59850def70e7",
            "organization_id": "6ff3b4a2-6d73-40bf-85f7-4074b99a4f37",
            "project_id": "6ff3b4a2-6d73-40bf-85f7-4074b99a4f37",
            "reverse": "",
            "server_id": "",
            "timeouts": null,
            "zone": "fr-par-1"
          },
          "sensitive_attributes": [],
          "private": "eyJlMmJmYjczMC1lY2FhLTExZTYtOGY4OC0zNDM2M2JjN2M0YzAiOnsiY3JlYXRlIjo2MDAwMDAwMDAwMCwiZGVmYXVsdCI6NjAwMDAwMDAwMDAsImRlbGV0ZSI6NjAwMDAwMDAwMDAsInJlYWQiOjYwMDAwMDAwMDAwLCJ1cGRhdGUiOjYwMDAwMDAwMDAwfX0="
        }
      ]
    },
    {
      "mode": "managed",
      "type": "scaleway_instance_server",
      "name": "web",
      "provider": "provider[\"registry.terraform.io/scaleway/scaleway\"]",
      "instances": [
        {
          "index_key": 0,
          "schema_version": 0,
          "attributes": {
            "additional_volume_ids": null,
            "boot_type": "local",
            "bootscript_id": "fdfe150f-a870-4ce4-b432-9f56b5b995c1",
            "cloud_init": null,
            "enable_dynamic_ip": false,
            "enable_ipv6": false,
            "id": "fr-par-1/a65280f8-206c-4b22-82f4-770ecca4bba6",
            "image": "ubuntu_focal",
            "ip_id": "fr-par-1/74850833-6228-4593-9bb6-59128e2a2bc4",
            "ipv6_address": "",
            "ipv6_gateway": "",
            "ipv6_prefix_length": 0,
            "name": "server-01",
            "organization_id": "6ff3b4a2-6d73-40bf-85f7-4074b99a4f37",
            "placement_group_id": null,
            "placement_group_policy_respected": null,
            "private_ip": "10.65.36.41",
            "project_id": "6ff3b4a2-6d73-40bf-85f7-4074b99a4f37",
            "public_ip": "163.172.148.143",
            "root_volume": [
              {
                "delete_on_termination": true,
                "size_in_gb": 20,
                "volume_id": "fr-par-1/443d0b31-c1e4-4e04-ae5c-1daeb25ad13b"
              }
            ],
            "security_group_id": "fr-par-1/a1bfca8f-a2ab-450a-9eee-a5fe8fc6bacc",
            "state": "started",
            "tags": null,
            "timeouts": null,
            "type": "DEV1-S",
            "user_data": {
              "DATABASE_URI": "postgres://astuna:Efrei!2021@195.154.70.55:42615/test-rdb"
            },
            "zone": "fr-par-1"
          },
          "sensitive_attributes": [
            [
              {
                "type": "get_attr",
                "value": "user_data"
              },
              {
                "type": "index",
                "value": {
                  "value": "DATABASE_URI",
                  "type": "string"
                }
              }
            ]
          ],
          "private": "eyJlMmJmYjczMC1lY2FhLTExZTYtOGY4OC0zNDM2M2JjN2M0YzAiOnsiY3JlYXRlIjo2MDAwMDAwMDAwMDAsImRlZmF1bHQiOjYwMDAwMDAwMDAwMCwiZGVsZXRlIjo2MDAwMDAwMDAwMDAsInJlYWQiOjYwMDAwMDAwMDAwMCwidXBkYXRlIjo2MDAwMDAwMDAwMDB9fQ==",
          "dependencies": [
            "scaleway_instance_ip.public_ip",
            "scaleway_rdb_instance.main"
          ]
        },
        {
          "index_key": 1,
          "schema_version": 0,
          "attributes": {
            "additional_volume_ids": null,
            "boot_type": "local",
            "bootscript_id": "fdfe150f-a870-4ce4-b432-9f56b5b995c1",
            "cloud_init": null,
            "enable_dynamic_ip": false,
            "enable_ipv6": false,
            "id": "fr-par-1/2dab3701-b120-4f14-a6ae-ca0f614ec6ce",
            "image": "ubuntu_focal",
            "ip_id": "fr-par-1/6dc25e22-0fa1-4b69-be33-59850def70e7",
            "ipv6_address": "",
            "ipv6_gateway": "",
            "ipv6_prefix_length": 0,
            "name": "server-02",
            "organization_id": "6ff3b4a2-6d73-40bf-85f7-4074b99a4f37",
            "placement_group_id": null,
            "placement_group_policy_respected": null,
            "private_ip": "10.69.34.21",
            "project_id": "6ff3b4a2-6d73-40bf-85f7-4074b99a4f37",
            "public_ip": "163.172.177.186",
            "root_volume": [
              {
                "delete_on_termination": true,
                "size_in_gb": 20,
                "volume_id": "fr-par-1/2d9d564f-03f5-485e-b919-7ff4bc66b0c8"
              }
            ],
            "security_group_id": "fr-par-1/a1bfca8f-a2ab-450a-9eee-a5fe8fc6bacc",
            "state": "started",
            "tags": null,
            "timeouts": null,
            "type": "DEV1-S",
            "user_data": {
              "DATABASE_URI": "postgres://astuna:Efrei!2021@195.154.70.55:42615/test-rdb"
            },
            "zone": "fr-par-1"
          },
          "sensitive_attributes": [
            [
              {
                "type": "get_attr",
                "value": "user_data"
              },
              {
                "type": "index",
                "value": {
                  "value": "DATABASE_URI",
                  "type": "string"
                }
              }
            ]
          ],
          "private": "eyJlMmJmYjczMC1lY2FhLTExZTYtOGY4OC0zNDM2M2JjN2M0YzAiOnsiY3JlYXRlIjo2MDAwMDAwMDAwMDAsImRlZmF1bHQiOjYwMDAwMDAwMDAwMCwiZGVsZXRlIjo2MDAwMDAwMDAwMDAsInJlYWQiOjYwMDAwMDAwMDAwMCwidXBkYXRlIjo2MDAwMDAwMDAwMDB9fQ==",
          "dependencies": [
            "scaleway_instance_ip.public_ip",
            "scaleway_rdb_instance.main"
          ]
        }
      ]
    },
    {
      "mode": "managed",
      "type": "scaleway_lb",
      "name": "base",
      "provider": "provider[\"registry.terraform.io/scaleway/scaleway\"]",
      "instances": [
        {
          "schema_version": 1,
          "attributes": {
            "id": "fr-par-1/7eefd749-043a-4027-94ab-49e1d1754a1c",
            "ip_address": "51.159.112.87",
            "ip_id": "fr-par-1/66c9f0d4-acce-4360-a07e-e371bcd56e1f",
            "name": "test-lb",
            "organization_id": "6ff3b4a2-6d73-40bf-85f7-4074b99a4f37",
            "project_id": "6ff3b4a2-6d73-40bf-85f7-4074b99a4f37",
            "region": "fr-par",
            "tags": null,
            "timeouts": null,
            "type": "LB-S",
            "zone": "fr-par-1"
          },
          "sensitive_attributes": [],
          "private": "eyJlMmJmYjczMC1lY2FhLTExZTYtOGY4OC0zNDM2M2JjN2M0YzAiOnsiY3JlYXRlIjo2MDAwMDAwMDAwMDAsImRlZmF1bHQiOjYwMDAwMDAwMDAwMCwiZGVsZXRlIjo2MDAwMDAwMDAwMDAsInJlYWQiOjYwMDAwMDAwMDAwMCwidXBkYXRlIjo2MDAwMDAwMDAwMDB9LCJzY2hlbWFfdmVyc2lvbiI6IjEifQ==",
          "dependencies": [
            "scaleway_lb_ip.ip"
          ]
        }
      ]
    },
    {
      "mode": "managed",
      "type": "scaleway_lb_backend",
      "name": "backend01",
      "provider": "provider[\"registry.terraform.io/scaleway/scaleway\"]",
      "instances": [
        {
          "schema_version": 1,
          "attributes": {
            "forward_port": 80,
            "forward_port_algorithm": "roundrobin",
            "forward_protocol": "http",
            "health_check_delay": "1m0s",
            "health_check_http": [],
            "health_check_https": [],
            "health_check_max_retries": 2,
            "health_check_port": 80,
            "health_check_tcp": [
              {}
            ],
            "health_check_timeout": "30s",
            "id": "fr-par-1/94cf8f3f-fba5-41f3-ac57-a6831c1bfd68",
            "lb_id": "fr-par-1/7eefd749-043a-4027-94ab-49e1d1754a1c",
            "name": "backend",
            "on_marked_down_action": "none",
            "proxy_protocol": "none",
            "send_proxy_v2": false,
            "server_ips": [
              "163.172.148.143",
              "163.172.177.186"
            ],
            "sticky_sessions": "none",
            "sticky_sessions_cookie_name": "",
            "timeout_connect": "",
            "timeout_server": "",
            "timeout_tunnel": "",
            "timeouts": null
          },
          "sensitive_attributes": [],
          "private": "eyJlMmJmYjczMC1lY2FhLTExZTYtOGY4OC0zNDM2M2JjN2M0YzAiOnsiY3JlYXRlIjo2MDAwMDAwMDAwMDAsImRlZmF1bHQiOjYwMDAwMDAwMDAwMCwiZGVsZXRlIjo2MDAwMDAwMDAwMDAsInJlYWQiOjYwMDAwMDAwMDAwMCwidXBkYXRlIjo2MDAwMDAwMDAwMDB9LCJzY2hlbWFfdmVyc2lvbiI6IjEifQ==",
          "dependencies": [
            "scaleway_instance_ip.public_ip",
            "scaleway_lb.base",
            "scaleway_lb_ip.ip"
          ]
        }
      ]
    },
    {
      "mode": "managed",
      "type": "scaleway_lb_frontend",
      "name": "frontend01",
      "provider": "provider[\"registry.terraform.io/scaleway/scaleway\"]",
      "instances": [
        {
          "schema_version": 1,
          "attributes": {
            "acl": [],
            "backend_id": "fr-par-1/94cf8f3f-fba5-41f3-ac57-a6831c1bfd68",
            "certificate_id": "",
            "id": "fr-par-1/bad4bde1-7521-4a20-ba55-d34d63c9932e",
            "inbound_port": 80,
            "lb_id": "fr-par-1/7eefd749-043a-4027-94ab-49e1d1754a1c",
            "name": "frontend01",
            "timeout_client": "",
            "timeouts": null
          },
          "sensitive_attributes": [],
          "private": "eyJlMmJmYjczMC1lY2FhLTExZTYtOGY4OC0zNDM2M2JjN2M0YzAiOnsiY3JlYXRlIjo2MDAwMDAwMDAwMDAsImRlZmF1bHQiOjYwMDAwMDAwMDAwMCwiZGVsZXRlIjo2MDAwMDAwMDAwMDAsInJlYWQiOjYwMDAwMDAwMDAwMCwidXBkYXRlIjo2MDAwMDAwMDAwMDB9LCJzY2hlbWFfdmVyc2lvbiI6IjEifQ==",
          "dependencies": [
            "scaleway_instance_ip.public_ip",
            "scaleway_lb.base",
            "scaleway_lb_backend.backend01",
            "scaleway_lb_ip.ip"
          ]
        }
      ]
    },
    {
      "mode": "managed",
      "type": "scaleway_lb_ip",
      "name": "ip",
      "provider": "provider[\"registry.terraform.io/scaleway/scaleway\"]",
      "instances": [
        {
          "schema_version": 1,
          "attributes": {
            "id": "fr-par-1/66c9f0d4-acce-4360-a07e-e371bcd56e1f",
            "ip_address": "51.159.112.87",
            "lb_id": "",
            "organization_id": "6ff3b4a2-6d73-40bf-85f7-4074b99a4f37",
            "project_id": "6ff3b4a2-6d73-40bf-85f7-4074b99a4f37",
            "region": "fr-par",
            "reverse": "51-159-112-87.lb.fr-par.scw.cloud",
            "timeouts": null,
            "zone": "fr-par-1"
          },
          "sensitive_attributes": [],
          "private": "eyJlMmJmYjczMC1lY2FhLTExZTYtOGY4OC0zNDM2M2JjN2M0YzAiOnsiY3JlYXRlIjo2MDAwMDAwMDAwMDAsImRlZmF1bHQiOjYwMDAwMDAwMDAwMCwiZGVsZXRlIjo2MDAwMDAwMDAwMDAsInJlYWQiOjYwMDAwMDAwMDAwMCwidXBkYXRlIjo2MDAwMDAwMDAwMDB9LCJzY2hlbWFfdmVyc2lvbiI6IjEifQ=="
        }
      ]
    },
    {
      "mode": "managed",
      "type": "scaleway_rdb_instance",
      "name": "main",
      "provider": "provider[\"registry.terraform.io/scaleway/scaleway\"]",
      "instances": [
        {
          "schema_version": 0,
          "attributes": {
            "certificate": "-----BEGIN CERTIFICATE-----\nMIID9TCCAt2gAwIBAgIUMPDcMZYF5LHzcW0bVACsSYv358wwDQYJKoZIhvcNAQEL\nBQAwgYcxCzAJBgNVBAYTAkZSMQ4wDAYDVQQIDAVQYXJpczEOMAwGA1UEBwwFUGFy\naXMxETAPBgNVBAoMCFNjYWxld2F5MUUwQwYDVQQDDDxydy1iYzQ2OTE2OC04YTJm\nLTQ1NTktYjU0Zi1lYmM4NzE3MDJkMzcucmRiLmZyLXBhci5zY3cuY2xvdWQwHhcN\nMjExMTE3MTAwNjM0WhcNMzExMTE1MTAwNjM0WjCBhzELMAkGA1UEBhMCRlIxDjAM\nBgNVBAgMBVBhcmlzMQ4wDAYDVQQHDAVQYXJpczERMA8GA1UECgwIU2NhbGV3YXkx\nRTBDBgNVBAMMPHJ3LWJjNDY5MTY4LThhMmYtNDU1OS1iNTRmLWViYzg3MTcwMmQz\nNy5yZGIuZnItcGFyLnNjdy5jbG91ZDCCASIwDQYJKoZIhvcNAQEBBQADggEPADCC\nAQoCggEBALO81SAg6LuJx3WuXPOz/sk0Y0dkRcj9IUNGuOwsqfs0Jmmi8I9UE8Kb\nBXsUkiZoVmU8h7Uyzl1oqrWekDY06jwoDZvrSeMtav/suk4fSRab4uwOYl457ISO\nO2GCLQ6wzPbUCToAzyNKWu5/Xd1b4VWk8nxh3ZC+60mLTh2AWXKUSkJ4dJe4iba6\n1uQOrCli+R+hk9WnnEcJUPs66MWbwgHACre2pp4Fjt/vYaWNS3bM5/Bfztl8eQO6\nBvHo03MnRJ7i2hXks4sT14s3AB0CMepZ8ZXIn9CB+gnfSUrOAUnw/RDJWx+lXWiJ\nmSzc25CGD8BV2rLdQI1xIWxfh97beeUCAwEAAaNXMFUwUwYDVR0RBEwwSoI8cnct\nYmM0NjkxNjgtOGEyZi00NTU5LWI1NGYtZWJjODcxNzAyZDM3LnJkYi5mci1wYXIu\nc2N3LmNsb3VkhwQzD/echwTDmkY3MA0GCSqGSIb3DQEBCwUAA4IBAQCFzoEAHUNn\nLIdXPaaVGxA+Rtud8fRqKwP7mbTmKPzPsbvp3fh8LIrNHm6Y/75AAfscy6wB8Xhn\n/1yBcSFTYtoC61ehIBDo6JjWL2y9wMnlnuCzxvXqszC3aTa6Wx9z9wPf1N+DtxBM\nnRrDA39vNklcbtm9MzyYjBfyaQ0rk0+J9NWwLlqz8ZWhY2kcIjsKqJ25mi65GsXJ\nW7vP/qZZAPzyi5VbvUAU9HYsmwFmnFsftEA1N1MLYAoA60Oehvlem9xWZnSifhCK\nwLpLjkta1jfkNZ5h8cAL0SQJaPkEfft22wH5ct3C/waAaDr3vL8QJODW36eLoRMV\nUkBVWDlyq2O/\n-----END CERTIFICATE-----\n",
            "disable_backup": true,
            "endpoint_ip": "195.154.70.55",
            "endpoint_port": 42615,
            "engine": "PostgreSQL-12",
            "id": "fr-par/bc469168-8a2f-4559-b54f-ebc871702d37",
            "is_ha_cluster": false,
            "name": "test-rdb",
            "node_type": "db-dev-s",
            "organization_id": "6ff3b4a2-6d73-40bf-85f7-4074b99a4f37",
            "password": "Efrei!2021",
            "project_id": "6ff3b4a2-6d73-40bf-85f7-4074b99a4f37",
            "read_replicas": [],
            "region": "fr-par",
            "settings": {
              "effective_cache_size": "1300",
              "maintenance_work_mem": "150",
              "max_connections": "100",
              "max_parallel_workers": "0",
              "max_parallel_workers_per_gather": "0",
              "work_mem": "4"
            },
            "tags": null,
            "timeouts": null,
            "user_name": "astuna",
            "volume_size_in_gb": 5,
            "volume_type": "lssd"
          },
          "sensitive_attributes": [],
          "private": "eyJlMmJmYjczMC1lY2FhLTExZTYtOGY4OC0zNDM2M2JjN2M0YzAiOnsiY3JlYXRlIjo5MDAwMDAwMDAwMDAsImRlZmF1bHQiOjkwMDAwMDAwMDAwMCwiZGVsZXRlIjo5MDAwMDAwMDAwMDAsInJlYWQiOjkwMDAwMDAwMDAwMCwidXBkYXRlIjo5MDAwMDAwMDAwMDB9fQ=="
        }
      ]
    }
  ]
}
