{
  "version": 4,
  "terraform_version": "1.0.11",
  "serial": 64,
  "lineage": "828f4339-4a8d-7368-646a-619c6976153e",
  "outputs": {},
  "resources": [
    {
      "mode": "managed",
      "type": "scaleway_instance_ip",
      "name": "public_ip",
      "provider": "provider[\"registry.terraform.io/scaleway/scaleway\"]",
      "instances": [
        {
          "schema_version": 0,
          "attributes": {
            "address": "163.172.148.143",
            "id": "fr-par-1/74850833-6228-4593-9bb6-59128e2a2bc4",
            "organization_id": "6ff3b4a2-6d73-40bf-85f7-4074b99a4f37",
            "project_id": "6ff3b4a2-6d73-40bf-85f7-4074b99a4f37",
            "reverse": "",
            "server_id": "fr-par-1/60eb7441-9500-4546-b86a-9a180419d172",
            "timeouts": null,
            "zone": "fr-par-1"
          },
          "sensitive_attributes": [],
          "private": "eyJlMmJmYjczMC1lY2FhLTExZTYtOGY4OC0zNDM2M2JjN2M0YzAiOnsiY3JlYXRlIjo2MDAwMDAwMDAwMCwiZGVmYXVsdCI6NjAwMDAwMDAwMDAsImRlbGV0ZSI6NjAwMDAwMDAwMDAsInJlYWQiOjYwMDAwMDAwMDAwLCJ1cGRhdGUiOjYwMDAwMDAwMDAwfX0="
        }
      ]
    },
    {
      "mode": "managed",
      "type": "scaleway_instance_server",
      "name": "web",
      "provider": "provider[\"registry.terraform.io/scaleway/scaleway\"]",
      "instances": [
        {
          "schema_version": 0,
          "attributes": {
            "additional_volume_ids": null,
            "boot_type": "local",
            "bootscript_id": "fdfe150f-a870-4ce4-b432-9f56b5b995c1",
            "cloud_init": null,
            "enable_dynamic_ip": false,
            "enable_ipv6": false,
            "id": "fr-par-1/332afdb6-b85c-4586-932e-04aa618dcce8",
            "image": "ubuntu_focal",
            "ip_id": "fr-par-1/74850833-6228-4593-9bb6-59128e2a2bc4",
            "ipv6_address": "",
            "ipv6_gateway": "",
            "ipv6_prefix_length": 0,
            "name": "server-01",
            "organization_id": "6ff3b4a2-6d73-40bf-85f7-4074b99a4f37",
            "placement_group_id": null,
            "placement_group_policy_respected": null,
            "private_ip": "10.68.10.87",
            "project_id": "6ff3b4a2-6d73-40bf-85f7-4074b99a4f37",
            "public_ip": "163.172.148.143",
            "root_volume": [
              {
                "delete_on_termination": true,
                "size_in_gb": 20,
                "volume_id": "fr-par-1/d8e395c3-0a98-4a98-b576-8e707092da4e"
              }
            ],
            "security_group_id": "fr-par-1/a1bfca8f-a2ab-450a-9eee-a5fe8fc6bacc",
            "state": "started",
            "tags": null,
            "timeouts": null,
            "type": "DEV1-S",
            "user_data": {
              "DATABASE_URI": "postgres://astuna:Efrei!2021@51.159.112.190:27487/test-rdb"
            },
            "zone": "fr-par-1"
          },
          "sensitive_attributes": [
            [
              {
                "type": "get_attr",
                "value": "user_data"
              },
              {
                "type": "index",
                "value": {
                  "value": "DATABASE_URI",
                  "type": "string"
                }
              }
            ]
          ],
          "private": "eyJlMmJmYjczMC1lY2FhLTExZTYtOGY4OC0zNDM2M2JjN2M0YzAiOnsiY3JlYXRlIjo2MDAwMDAwMDAwMDAsImRlZmF1bHQiOjYwMDAwMDAwMDAwMCwiZGVsZXRlIjo2MDAwMDAwMDAwMDAsInJlYWQiOjYwMDAwMDAwMDAwMCwidXBkYXRlIjo2MDAwMDAwMDAwMDB9fQ==",
          "dependencies": [
            "scaleway_instance_ip.public_ip",
            "scaleway_rdb_instance.main"
          ]
        }
      ]
    },
    {
      "mode": "managed",
      "type": "scaleway_rdb_instance",
      "name": "main",
      "provider": "provider[\"registry.terraform.io/scaleway/scaleway\"]",
      "instances": [
        {
          "schema_version": 0,
          "attributes": {
            "certificate": "-----BEGIN CERTIFICATE-----\nMIID9TCCAt2gAwIBAgIUSetGlabl5tgF2e33OLfdUzfxeRcwDQYJKoZIhvcNAQEL\nBQAwgYcxCzAJBgNVBAYTAkZSMQ4wDAYDVQQIDAVQYXJpczEOMAwGA1UEBwwFUGFy\naXMxETAPBgNVBAoMCFNjYWxld2F5MUUwQwYDVQQDDDxydy05ZTg5ZDllYi03MzNm\nLTRkYzgtOTY5Mi05ZmQyM2VjNjZhNzEucmRiLmZyLXBhci5zY3cuY2xvdWQwHhcN\nMjExMTE3MDc0OTE4WhcNMzExMTE1MDc0OTE4WjCBhzELMAkGA1UEBhMCRlIxDjAM\nBgNVBAgMBVBhcmlzMQ4wDAYDVQQHDAVQYXJpczERMA8GA1UECgwIU2NhbGV3YXkx\nRTBDBgNVBAMMPHJ3LTllODlkOWViLTczM2YtNGRjOC05NjkyLTlmZDIzZWM2NmE3\nMS5yZGIuZnItcGFyLnNjdy5jbG91ZDCCASIwDQYJKoZIhvcNAQEBBQADggEPADCC\nAQoCggEBALODqNO5bU9RVV7J7/ZrXRuSDpyFIwC5XMHdzfRsRqcqIrExXdcu0MM5\nMIQYFxfutL7IIX2NCK1hPwQiXTX77bkEFZhOSAKHrZRAo6tW2bEB1gG2rByKr0fX\n0TL55WXFOIejCMFcmw40xY8y5ku7eL5yjBu2vFWmhWaspt70NPAMoZrjTUV3sVpa\nr5QfyXw76rr6Chc4vE2H20CVq9SaXjNGEmKrdAZWLUkD+8ZV2ZDTut/xCHQgQN1f\npSe/7Sf5QC6PUO4IfbGGsVp5gssJKt39ZKrvx0+kOicuMvGve9unL1YYFDzSw5zo\ntPMgYw5elyq9pBT9kN3etGr+PI9SUhcCAwEAAaNXMFUwUwYDVR0RBEwwSoI8cnct\nOWU4OWQ5ZWItNzMzZi00ZGM4LTk2OTItOWZkMjNlYzY2YTcxLnJkYi5mci1wYXIu\nc2N3LmNsb3VkhwQznnfnhwQzn3C+MA0GCSqGSIb3DQEBCwUAA4IBAQAzcAXae0sg\nSMKdfRqkdLRW8vNJBhrd4NhU5J6nA/u529n4lUoVJhyJO1B31uWUcH3P1vuA20hJ\nqAbyQ08fBexRH2v6YUIWG8KfVPq5lIBn+kqp/Lu9OKaonlz74hCq9pqbNonAQbQw\nLMQDOEI4IFPHVMN1U2UFOPT46haumW/LOPZqvviroEBmu09/VoDJDhHRG9x0Qrvm\n9ns/AxZUWONgaQRkWdyGN+iXiD7HLRInqeEH9uz0ng9zGgR5eqB+igyaoodaZga4\nfadIxdRhDeOSpYxeIRfAOyt2OjR3D6VrZEYmoTyKZKziFUSikp5KEEYcH6mjcQKn\nqORazKkWcLdZ\n-----END CERTIFICATE-----\n",
            "disable_backup": true,
            "endpoint_ip": "51.159.112.190",
            "endpoint_port": 27487,
            "engine": "PostgreSQL-12",
            "id": "fr-par/9e89d9eb-733f-4dc8-9692-9fd23ec66a71",
            "is_ha_cluster": false,
            "name": "test-rdb",
            "node_type": "db-dev-s",
            "organization_id": "6ff3b4a2-6d73-40bf-85f7-4074b99a4f37",
            "password": "Efrei!2021",
            "project_id": "6ff3b4a2-6d73-40bf-85f7-4074b99a4f37",
            "read_replicas": [],
            "region": "fr-par",
            "settings": {
              "effective_cache_size": "1300",
              "maintenance_work_mem": "150",
              "max_connections": "100",
              "max_parallel_workers": "0",
              "max_parallel_workers_per_gather": "0",
              "work_mem": "4"
            },
            "tags": [],
            "timeouts": null,
            "user_name": "astuna",
            "volume_size_in_gb": 5,
            "volume_type": "lssd"
          },
          "sensitive_attributes": [],
          "private": "eyJlMmJmYjczMC1lY2FhLTExZTYtOGY4OC0zNDM2M2JjN2M0YzAiOnsiY3JlYXRlIjo5MDAwMDAwMDAwMDAsImRlZmF1bHQiOjkwMDAwMDAwMDAwMCwiZGVsZXRlIjo5MDAwMDAwMDAwMDAsInJlYWQiOjkwMDAwMDAwMDAwMCwidXBkYXRlIjo5MDAwMDAwMDAwMDB9fQ=="
        }
      ]
    }
  ]
}
