{
  "version": 4,
  "terraform_version": "1.0.11",
  "serial": 16,
  "lineage": "828f4339-4a8d-7368-646a-619c6976153e",
  "outputs": {},
  "resources": [
    {
      "mode": "managed",
      "type": "scaleway_instance_ip",
      "name": "public_ip",
      "provider": "provider[\"registry.terraform.io/scaleway/scaleway\"]",
      "instances": [
        {
          "schema_version": 0,
          "attributes": {
            "address": "163.172.148.143",
            "id": "fr-par-1/74850833-6228-4593-9bb6-59128e2a2bc4",
            "organization_id": "6ff3b4a2-6d73-40bf-85f7-4074b99a4f37",
            "project_id": "6ff3b4a2-6d73-40bf-85f7-4074b99a4f37",
            "reverse": "",
            "server_id": "fr-par-1/7caaaadf-aeb9-4309-80ad-3fbd4a76d5fb",
            "timeouts": null,
            "zone": "fr-par-1"
          },
          "sensitive_attributes": [],
          "private": "eyJlMmJmYjczMC1lY2FhLTExZTYtOGY4OC0zNDM2M2JjN2M0YzAiOnsiY3JlYXRlIjo2MDAwMDAwMDAwMCwiZGVmYXVsdCI6NjAwMDAwMDAwMDAsImRlbGV0ZSI6NjAwMDAwMDAwMDAsInJlYWQiOjYwMDAwMDAwMDAwLCJ1cGRhdGUiOjYwMDAwMDAwMDAwfX0="
        }
      ]
    },
    {
      "mode": "managed",
      "type": "scaleway_instance_server",
      "name": "web",
      "provider": "provider[\"registry.terraform.io/scaleway/scaleway\"]",
      "instances": [
        {
          "schema_version": 0,
          "attributes": {
            "additional_volume_ids": [],
            "boot_type": "local",
            "bootscript_id": "fdfe150f-a870-4ce4-b432-9f56b5b995c1",
            "cloud_init": null,
            "enable_dynamic_ip": false,
            "enable_ipv6": false,
            "id": "fr-par-1/7caaaadf-aeb9-4309-80ad-3fbd4a76d5fb",
            "image": "ubuntu_focal",
            "ip_id": "fr-par-1/74850833-6228-4593-9bb6-59128e2a2bc4",
            "ipv6_address": "",
            "ipv6_gateway": "",
            "ipv6_prefix_length": 0,
            "name": "server-01",
            "organization_id": "6ff3b4a2-6d73-40bf-85f7-4074b99a4f37",
            "placement_group_id": null,
            "placement_group_policy_respected": null,
            "private_ip": "10.64.92.5",
            "project_id": "6ff3b4a2-6d73-40bf-85f7-4074b99a4f37",
            "public_ip": "163.172.148.143",
            "root_volume": [
              {
                "delete_on_termination": true,
                "size_in_gb": 20,
                "volume_id": "fr-par-1/4c7d379a-d0f7-4114-abb1-95d40d5a276d"
              }
            ],
            "security_group_id": "fr-par-1/a1bfca8f-a2ab-450a-9eee-a5fe8fc6bacc",
            "state": "started",
            "tags": [],
            "timeouts": null,
            "type": "DEV1-S",
            "user_data": {
              "DATABASE_URI": "postgres://astuna:Efrei!2021@51.159.25.115:56910/test-rdb"
            },
            "zone": "fr-par-1"
          },
          "sensitive_attributes": [
            [
              {
                "type": "get_attr",
                "value": "user_data"
              },
              {
                "type": "index",
                "value": {
                  "value": "DATABASE_URI",
                  "type": "string"
                }
              }
            ]
          ],
          "private": "eyJlMmJmYjczMC1lY2FhLTExZTYtOGY4OC0zNDM2M2JjN2M0YzAiOnsiY3JlYXRlIjo2MDAwMDAwMDAwMDAsImRlZmF1bHQiOjYwMDAwMDAwMDAwMCwiZGVsZXRlIjo2MDAwMDAwMDAwMDAsInJlYWQiOjYwMDAwMDAwMDAwMCwidXBkYXRlIjo2MDAwMDAwMDAwMDB9fQ==",
          "dependencies": [
            "scaleway_instance_ip.public_ip",
            "scaleway_rdb_instance.main"
          ]
        }
      ]
    },
    {
      "mode": "managed",
      "type": "scaleway_rdb_instance",
      "name": "main",
      "provider": "provider[\"registry.terraform.io/scaleway/scaleway\"]",
      "instances": [
        {
          "schema_version": 0,
          "attributes": {
            "certificate": "-----BEGIN CERTIFICATE-----\nMIID9TCCAt2gAwIBAgIURF74hyWGOp1PpnXfZ6dz5QoplTUwDQYJKoZIhvcNAQEL\nBQAwgYcxCzAJBgNVBAYTAkZSMQ4wDAYDVQQIDAVQYXJpczEOMAwGA1UEBwwFUGFy\naXMxETAPBgNVBAoMCFNjYWxld2F5MUUwQwYDVQQDDDxydy03OWVmOTVlOS02MTg1\nLTQyNjItOGIyMy04NjI3OTRjOWE5MGUucmRiLmZyLXBhci5zY3cuY2xvdWQwHhcN\nMjExMTE2MjIyNzEyWhcNMzExMTE0MjIyNzEyWjCBhzELMAkGA1UEBhMCRlIxDjAM\nBgNVBAgMBVBhcmlzMQ4wDAYDVQQHDAVQYXJpczERMA8GA1UECgwIU2NhbGV3YXkx\nRTBDBgNVBAMMPHJ3LTc5ZWY5NWU5LTYxODUtNDI2Mi04YjIzLTg2Mjc5NGM5YTkw\nZS5yZGIuZnItcGFyLnNjdy5jbG91ZDCCASIwDQYJKoZIhvcNAQEBBQADggEPADCC\nAQoCggEBALdSW5o28CMKkewH7x+rqky1ELPghxgBOyGQniZO5FYWhOwnLXVDPSGz\neyXbBpUKU0RRXOFqlGQy/MtUJURc3RLsNn7N9fD1BlQz9C1iWPuTfOpucvMoozAC\nxs4AcmOw0M+6dJBffnZ14E8WINSnT6D48nJmGfNYJ9v2VqEshXflpnH4wtE9I8Qc\n2q1ifrKarcic1KmA/2DK364x6DsmpeXRrZ3n6VFJni/ZO4KZI2F/D/3y4a6/7ect\n0FjQYOjtSz11EbMeahyN6K0Zxauma9gpkNL+w3KHc2q8oyV/fBldAIvZmnXC6u+C\nOsYDV6JC5B2M/IMI/wLWM2m8nXmGQYMCAwEAAaNXMFUwUwYDVR0RBEwwSoI8cnct\nNzllZjk1ZTktNjE4NS00MjYyLThiMjMtODYyNzk0YzlhOTBlLnJkYi5mci1wYXIu\nc2N3LmNsb3VkhwQznnfnhwQznxlzMA0GCSqGSIb3DQEBCwUAA4IBAQBar8ZHDpRX\nVBVzSVoYEhi02eo80t32wwIi59/tSeAITaC4hBU8P19xIDceAumjCn5ndxvnOxUN\nl54Pe8GVXJSznnf1DnRMTlMf1UKlUTZUt/0y7iMKKQtdCQCcK/c7MLNvYArnHXyR\ncQEYWVeS0cYrR4Y/2I2Z/fm+bCI7jCPLhJf0wsUYgrzr64uodyT9Hu8pqcNtYTh6\ndVPyIQkRGCPglaSOwJRM9wE7gP+J9lLrRKA/sUEOHW0oI607NSXDmhd0+BGK5nLC\n7J58SESpmkVWLJQ9bJtRbkJCfEEIGuyOZ+nq3BSk8Fmry3BY5ZQBwDtFXnDp21bc\nJxS8DO8jHnZK\n-----END CERTIFICATE-----\n",
            "disable_backup": true,
            "endpoint_ip": "51.159.25.115",
            "endpoint_port": 56910,
            "engine": "PostgreSQL-12",
            "id": "fr-par/79ef95e9-6185-4262-8b23-862794c9a90e",
            "is_ha_cluster": false,
            "name": "test-rdb",
            "node_type": "db-dev-s",
            "organization_id": "6ff3b4a2-6d73-40bf-85f7-4074b99a4f37",
            "password": "Efrei!2021",
            "project_id": "6ff3b4a2-6d73-40bf-85f7-4074b99a4f37",
            "read_replicas": [],
            "region": "fr-par",
            "settings": {
              "effective_cache_size": "1300",
              "maintenance_work_mem": "150",
              "max_connections": "100",
              "max_parallel_workers": "0",
              "max_parallel_workers_per_gather": "0",
              "work_mem": "4"
            },
            "tags": [],
            "timeouts": null,
            "user_name": "astuna",
            "volume_size_in_gb": 5,
            "volume_type": "lssd"
          },
          "sensitive_attributes": [],
          "private": "eyJlMmJmYjczMC1lY2FhLTExZTYtOGY4OC0zNDM2M2JjN2M0YzAiOnsiY3JlYXRlIjo5MDAwMDAwMDAwMDAsImRlZmF1bHQiOjkwMDAwMDAwMDAwMCwiZGVsZXRlIjo5MDAwMDAwMDAwMDAsInJlYWQiOjkwMDAwMDAwMDAwMCwidXBkYXRlIjo5MDAwMDAwMDAwMDB9fQ=="
        }
      ]
    }
  ]
}
